{
  "name": "conluce",
  "version": "1.0.0",
  "lockfileVersion": 3,
  "requires": true,
  "packages": {
    "": {
      "name": "conluce",
      "version": "1.0.0",
      "license": "GPL-3.0-or-later",
      "dependencies": {
        "@effect-ts/system": "^0.57.5",
        "cheerio": "^1.0.0-rc.12",
        "effect": "^2.0.0-next.23",
        "fs": "^0.0.1-security",
        "node-html-parser": "^6.1.5",
        "zlib": "^1.0.5"
      },
      "devDependencies": {
        "@types/node": "^20.4.5"
      }
    },
    "node_modules/@effect-ts/system": {
      "version": "0.57.5",
      "resolved": "https://registry.npmjs.org/@effect-ts/system/-/system-0.57.5.tgz",
      "integrity": "sha512-/crHGujo0xnuHIYNc1VgP0HGJGFSoSqq88JFXe6FmFyXPpWt8Xu39LyLg7rchsxfXFeEdA9CrIZvLV5eswXV5g=="
    },
    "node_modules/@effect/data": {
      "version": "0.17.1",
      "resolved": "https://registry.npmjs.org/@effect/data/-/data-0.17.1.tgz",
      "integrity": "sha512-QCYkLE5Y5Dm5Yax5R3GmW4ZIgTx7W+kSZ7yq5eqQ/mFWa8i4yxbLuu8cudqzdeZtRtTGZKlhDxfFfgVtMywXJg=="
    },
    "node_modules/@effect/io": {
      "version": "0.37.1",
      "resolved": "https://registry.npmjs.org/@effect/io/-/io-0.37.1.tgz",
      "integrity": "sha512-Ez3GfcG+gDDfAiBXtSjJpSrPU5Guiyw69LsYkMtIukFwyNwpHWLhYaVgfVbVjoQasil8KiFSQJSd5DbJL6nqPg==",
      "dependencies": {
        "@effect/data": "^0.17.0"
      }
    },
    "node_modules/@effect/match": {
      "version": "0.31.0",
      "resolved": "https://registry.npmjs.org/@effect/match/-/match-0.31.0.tgz",
      "integrity": "sha512-QT0HSh19Y6iHAghc51Yt/rYDU9/jhs7O+2kSEQiJqj4xqCLjfJONWsK19xBCNbuV5bt3ZO1NGFqvsWeNR7ZhDg==",
      "dependencies": {
        "@effect/data": "^0.17.1",
        "@effect/schema": "^0.32.0"
      }
    },
    "node_modules/@effect/schema": {
      "version": "0.32.0",
      "resolved": "https://registry.npmjs.org/@effect/schema/-/schema-0.32.0.tgz",
      "integrity": "sha512-4HJK/cFkVPdIjYICy0eRsL7JuuLJ6mE3aJC5rX9OuUIei/qfctFEEX2NaARjtGX7hACBrRcuJCNwiq+54TTjFw==",
      "dependencies": {
        "@effect/data": "^0.17.1",
        "@effect/io": "^0.37.0",
        "fast-check": "^3.12.0"
      }
    },
    "node_modules/@effect/stm": {
      "version": "0.21.0",
      "resolved": "https://registry.npmjs.org/@effect/stm/-/stm-0.21.0.tgz",
      "integrity": "sha512-Hd8Efx2yo2vsZkbPd9RKM6FomasUs4cYg18d9uJlfJK09mBKR/BfsvWJZwgyVTd9JujIJWwqSLYKa6rkONMXCg==",
      "dependencies": {
        "@effect/data": "^0.17.1",
        "@effect/io": "^0.37.0"
      }
    },
    "node_modules/@effect/stream": {
      "version": "0.33.0",
      "resolved": "https://registry.npmjs.org/@effect/stream/-/stream-0.33.0.tgz",
      "integrity": "sha512-4RjcsLOFc2w6zo243qNMGHDhpIZf3lgPALqvOLt1fvWqIaQdeQ4PF6lfFCTHfzfnRSiW3Hm5K8KDiGwwY/azfA==",
      "dependencies": {
        "@effect/data": "^0.17.1",
        "@effect/io": "^0.37.0"
      }
    },
    "node_modules/@types/node": {
      "version": "20.4.5",
      "resolved": "https://registry.npmjs.org/@types/node/-/node-20.4.5.tgz",
      "integrity": "sha512-rt40Nk13II9JwQBdeYqmbn2Q6IVTA5uPhvSO+JVqdXw/6/4glI6oR9ezty/A9Hg5u7JH4OmYmuQ+XvjKm0Datg==",
      "dev": true
    },
    "node_modules/boolbase": {
      "version": "1.0.0",
      "resolved": "https://registry.npmjs.org/boolbase/-/boolbase-1.0.0.tgz",
      "integrity": "sha512-JZOSA7Mo9sNGB8+UjSgzdLtokWAky1zbztM3WRLCbZ70/3cTANmQmOdR7y2g+J0e2WXywy1yS468tY+IruqEww=="
    },
    "node_modules/cheerio": {
      "version": "1.0.0-rc.12",
      "resolved": "https://registry.npmjs.org/cheerio/-/cheerio-1.0.0-rc.12.tgz",
      "integrity": "sha512-VqR8m68vM46BNnuZ5NtnGBKIE/DfN0cRIzg9n40EIq9NOv90ayxLBXA8fXC5gquFRGJSTRqBq25Jt2ECLR431Q==",
      "dependencies": {
        "cheerio-select": "^2.1.0",
        "dom-serializer": "^2.0.0",
        "domhandler": "^5.0.3",
        "domutils": "^3.0.1",
        "htmlparser2": "^8.0.1",
        "parse5": "^7.0.0",
        "parse5-htmlparser2-tree-adapter": "^7.0.0"
      },
      "engines": {
        "node": ">= 6"
      },
      "funding": {
        "url": "https://github.com/cheeriojs/cheerio?sponsor=1"
      }
    },
    "node_modules/cheerio-select": {
      "version": "2.1.0",
      "resolved": "https://registry.npmjs.org/cheerio-select/-/cheerio-select-2.1.0.tgz",
      "integrity": "sha512-9v9kG0LvzrlcungtnJtpGNxY+fzECQKhK4EGJX2vByejiMX84MFNQw4UxPJl3bFbTMw+Dfs37XaIkCwTZfLh4g==",
      "dependencies": {
        "boolbase": "^1.0.0",
        "css-select": "^5.1.0",
        "css-what": "^6.1.0",
        "domelementtype": "^2.3.0",
        "domhandler": "^5.0.3",
        "domutils": "^3.0.1"
      },
      "funding": {
        "url": "https://github.com/sponsors/fb55"
      }
    },
    "node_modules/css-select": {
      "version": "5.1.0",
      "resolved": "https://registry.npmjs.org/css-select/-/css-select-5.1.0.tgz",
      "integrity": "sha512-nwoRF1rvRRnnCqqY7updORDsuqKzqYJ28+oSMaJMMgOauh3fvwHqMS7EZpIPqK8GL+g9mKxF1vP/ZjSeNjEVHg==",
      "dependencies": {
        "boolbase": "^1.0.0",
        "css-what": "^6.1.0",
        "domhandler": "^5.0.2",
        "domutils": "^3.0.1",
        "nth-check": "^2.0.1"
      },
      "funding": {
        "url": "https://github.com/sponsors/fb55"
      }
    },
    "node_modules/css-what": {
      "version": "6.1.0",
      "resolved": "https://registry.npmjs.org/css-what/-/css-what-6.1.0.tgz",
      "integrity": "sha512-HTUrgRJ7r4dsZKU6GjmpfRK1O76h97Z8MfS1G0FozR+oF2kG6Vfe8JE6zwrkbxigziPHinCJ+gCPjA9EaBDtRw==",
      "engines": {
        "node": ">= 6"
      },
      "funding": {
        "url": "https://github.com/sponsors/fb55"
      }
    },
    "node_modules/dom-serializer": {
      "version": "2.0.0",
      "resolved": "https://registry.npmjs.org/dom-serializer/-/dom-serializer-2.0.0.tgz",
      "integrity": "sha512-wIkAryiqt/nV5EQKqQpo3SToSOV9J0DnbJqwK7Wv/Trc92zIAYZ4FlMu+JPFW1DfGFt81ZTCGgDEabffXeLyJg==",
      "dependencies": {
        "domelementtype": "^2.3.0",
        "domhandler": "^5.0.2",
        "entities": "^4.2.0"
      },
      "funding": {
        "url": "https://github.com/cheeriojs/dom-serializer?sponsor=1"
      }
    },
    "node_modules/domelementtype": {
      "version": "2.3.0",
      "resolved": "https://registry.npmjs.org/domelementtype/-/domelementtype-2.3.0.tgz",
      "integrity": "sha512-OLETBj6w0OsagBwdXnPdN0cnMfF9opN69co+7ZrbfPGrdpPVNBUj02spi6B1N7wChLQiPn4CSH/zJvXw56gmHw==",
      "funding": [
        {
          "type": "github",
          "url": "https://github.com/sponsors/fb55"
        }
      ]
    },
    "node_modules/domhandler": {
      "version": "5.0.3",
      "resolved": "https://registry.npmjs.org/domhandler/-/domhandler-5.0.3.tgz",
      "integrity": "sha512-cgwlv/1iFQiFnU96XXgROh8xTeetsnJiDsTc7TYCLFd9+/WNkIqPTxiM/8pSd8VIrhXGTf1Ny1q1hquVqDJB5w==",
      "dependencies": {
        "domelementtype": "^2.3.0"
      },
      "engines": {
        "node": ">= 4"
      },
      "funding": {
        "url": "https://github.com/fb55/domhandler?sponsor=1"
      }
    },
    "node_modules/domutils": {
      "version": "3.1.0",
      "resolved": "https://registry.npmjs.org/domutils/-/domutils-3.1.0.tgz",
      "integrity": "sha512-H78uMmQtI2AhgDJjWeQmHwJJ2bLPD3GMmO7Zja/ZZh84wkm+4ut+IUnUdRa8uCGX88DiVx1j6FRe1XfxEgjEZA==",
      "dependencies": {
        "dom-serializer": "^2.0.0",
        "domelementtype": "^2.3.0",
        "domhandler": "^5.0.3"
      },
      "funding": {
        "url": "https://github.com/fb55/domutils?sponsor=1"
      }
    },
    "node_modules/effect": {
      "version": "2.0.0-next.23",
      "resolved": "https://registry.npmjs.org/effect/-/effect-2.0.0-next.23.tgz",
      "integrity": "sha512-wgaYrJ08VG7aOegw2S0hTuSv4B9O0sE1cRtFn9LI1LA4b4v/aoqItxAlj2SreVgM0Vj2Uu0TfOBVueu/TAoJUw==",
      "dependencies": {
        "@effect/data": ">=0.17.1 <0.18.0",
        "@effect/io": ">=0.37.0 <0.38.0",
        "@effect/match": ">=0.31.0 <0.32.0",
        "@effect/stm": ">=0.21.0 <0.22.0",
        "@effect/stream": ">=0.33.0 <0.34.0"
      }
    },
    "node_modules/entities": {
      "version": "4.5.0",
      "resolved": "https://registry.npmjs.org/entities/-/entities-4.5.0.tgz",
      "integrity": "sha512-V0hjH4dGPh9Ao5p0MoRY6BVqtwCjhz6vI5LT8AJ55H+4g9/4vbHx1I54fS0XuclLhDHArPQCiMjDxjaL8fPxhw==",
      "engines": {
        "node": ">=0.12"
      },
      "funding": {
        "url": "https://github.com/fb55/entities?sponsor=1"
      }
    },
    "node_modules/fast-check": {
      "version": "3.12.0",
      "resolved": "https://registry.npmjs.org/fast-check/-/fast-check-3.12.0.tgz",
      "integrity": "sha512-SqahE9mlL3+lhjJ39joMLwcj6F+24hfZdf/tchlNO8sHcTdrUUdA5P/ZbSFZM9Xpzs36XaneGwE0FWepm/zyOA==",
      "funding": [
        {
          "type": "individual",
          "url": "https://github.com/sponsors/dubzzz"
        },
        {
          "type": "opencollective",
          "url": "https://opencollective.com/fast-check"
        }
      ],
      "dependencies": {
        "pure-rand": "^6.0.0"
      },
      "engines": {
        "node": ">=8.0.0"
      }
    },
    "node_modules/fs": {
      "version": "0.0.1-security",
      "resolved": "https://registry.npmjs.org/fs/-/fs-0.0.1-security.tgz",
      "integrity": "sha512-3XY9e1pP0CVEUCdj5BmfIZxRBTSDycnbqhIOGec9QYtmVH2fbLpj86CFWkrNOkt/Fvty4KZG5lTglL9j/gJ87w=="
    },
    "node_modules/he": {
      "version": "1.2.0",
      "resolved": "https://registry.npmjs.org/he/-/he-1.2.0.tgz",
      "integrity": "sha512-F/1DnUGPopORZi0ni+CvrCgHQ5FyEAHRLSApuYWMmrbSwoN2Mn/7k+Gl38gJnR7yyDZk6WLXwiGod1JOWNDKGw==",
      "bin": {
        "he": "bin/he"
      }
    },
    "node_modules/htmlparser2": {
      "version": "8.0.2",
      "resolved": "https://registry.npmjs.org/htmlparser2/-/htmlparser2-8.0.2.tgz",
      "integrity": "sha512-GYdjWKDkbRLkZ5geuHs5NY1puJ+PXwP7+fHPRz06Eirsb9ugf6d8kkXav6ADhcODhFFPMIXyxkxSuMf3D6NCFA==",
      "funding": [
        "https://github.com/fb55/htmlparser2?sponsor=1",
        {
          "type": "github",
          "url": "https://github.com/sponsors/fb55"
        }
      ],
      "dependencies": {
        "domelementtype": "^2.3.0",
        "domhandler": "^5.0.3",
        "domutils": "^3.0.1",
        "entities": "^4.4.0"
      }
    },
    "node_modules/node-html-parser": {
      "version": "6.1.5",
      "resolved": "https://registry.npmjs.org/node-html-parser/-/node-html-parser-6.1.5.tgz",
      "integrity": "sha512-fAaM511feX++/Chnhe475a0NHD8M7AxDInsqQpz6x63GRF7xYNdS8Vo5dKsIVPgsOvG7eioRRTZQnWBrhDHBSg==",
      "dependencies": {
        "css-select": "^5.1.0",
        "he": "1.2.0"
      }
    },
    "node_modules/nth-check": {
      "version": "2.1.1",
      "resolved": "https://registry.npmjs.org/nth-check/-/nth-check-2.1.1.tgz",
      "integrity": "sha512-lqjrjmaOoAnWfMmBPL+XNnynZh2+swxiX3WUE0s4yEHI6m+AwrK2UZOimIRl3X/4QctVqS8AiZjFqyOGrMXb/w==",
      "dependencies": {
        "boolbase": "^1.0.0"
      },
      "funding": {
        "url": "https://github.com/fb55/nth-check?sponsor=1"
      }
    },
    "node_modules/parse5": {
      "version": "7.1.2",
      "resolved": "https://registry.npmjs.org/parse5/-/parse5-7.1.2.tgz",
      "integrity": "sha512-Czj1WaSVpaoj0wbhMzLmWD69anp2WH7FXMB9n1Sy8/ZFF9jolSQVMu1Ij5WIyGmcBmhk7EOndpO4mIpihVqAXw==",
      "dependencies": {
        "entities": "^4.4.0"
      },
      "funding": {
        "url": "https://github.com/inikulin/parse5?sponsor=1"
      }
    },
    "node_modules/parse5-htmlparser2-tree-adapter": {
      "version": "7.0.0",
      "resolved": "https://registry.npmjs.org/parse5-htmlparser2-tree-adapter/-/parse5-htmlparser2-tree-adapter-7.0.0.tgz",
      "integrity": "sha512-B77tOZrqqfUfnVcOrUvfdLbz4pu4RopLD/4vmu3HUPswwTA8OH0EMW9BlWR2B0RCoiZRAHEUu7IxeP1Pd1UU+g==",
      "dependencies": {
        "domhandler": "^5.0.2",
        "parse5": "^7.0.0"
      },
      "funding": {
        "url": "https://github.com/inikulin/parse5?sponsor=1"
      }
    },
    "node_modules/pure-rand": {
      "version": "6.0.2",
      "resolved": "https://registry.npmjs.org/pure-rand/-/pure-rand-6.0.2.tgz",
      "integrity": "sha512-6Yg0ekpKICSjPswYOuC5sku/TSWaRYlA0qsXqJgM/d/4pLPHPuTxK7Nbf7jFKzAeedUhR8C7K9Uv63FBsSo8xQ==",
      "funding": [
        {
          "type": "individual",
          "url": "https://github.com/sponsors/dubzzz"
        },
        {
          "type": "opencollective",
          "url": "https://opencollective.com/fast-check"
        }
      ]
    },
    "node_modules/zlib": {
      "version": "1.0.5",
      "resolved": "https://registry.npmjs.org/zlib/-/zlib-1.0.5.tgz",
      "integrity": "sha512-40fpE2II+Cd3k8HWTWONfeKE2jL+P42iWJ1zzps5W51qcTsOUKM5Q5m2PFb0CLxlmFAaUuUdJGc3OfZy947v0w==",
      "hasInstallScript": true,
      "engines": {
        "node": ">=0.2.0"
      }
    }
  }
}
